<?xml version="1.0" encoding="UTF-8"?>
<!DOCTYPE plist PUBLIC "-//Apple//DTD PLIST 1.0//EN" "http://www.apple.com/DTDs/PropertyList-1.0.dtd">
<plist version="1.0">
<dict>
	<key>archiveVersion</key>
	<string>1</string>
	<key>classes</key>
	<dict/>
	<key>objectVersion</key>
	<string>46</string>
	<key>objects</key>
	<dict>
		<key>892DA4D496AB482FB0D2A639</key>
		<dict>
			<key>buildActionMask</key>
			<string>2147483647</string>
			<key>files</key>
			<array/>
			<key>inputPaths</key>
			<array/>
			<key>isa</key>
			<string>PBXShellScriptBuildPhase</string>
			<key>name</key>
			<string>Check Pods Manifest.lock</string>
			<key>outputPaths</key>
			<array/>
			<key>runOnlyForDeploymentPostprocessing</key>
			<string>0</string>
			<key>shellPath</key>
			<string>/bin/sh</string>
			<key>shellScript</key>
			<string>diff "${PODS_ROOT}/../Podfile.lock" "${PODS_ROOT}/Manifest.lock" &gt; /dev/null
if [[ $? != 0 ]] ; then
    cat &lt;&lt; EOM
error: The sandbox is not in sync with the Podfile.lock. Run 'pod install' or update your CocoaPods installation.
EOM
    exit 1
fi
</string>
			<key>showEnvVarsInLog</key>
			<string>0</string>
		</dict>
		<key>951A73B5599E4D68AC565233</key>
		<dict>
			<key>fileRef</key>
			<string>D6CB895735F24F81BE246E7F</string>
			<key>isa</key>
			<string>PBXBuildFile</string>
		</dict>
		<key>954C662E633E4BE7A2038CF8</key>
		<dict>
			<key>includeInIndex</key>
			<string>1</string>
			<key>isa</key>
			<string>PBXFileReference</string>
			<key>lastKnownFileType</key>
			<string>text.xcconfig</string>
			<key>name</key>
			<string>Pods.xcconfig</string>
			<key>path</key>
			<string>Pods/Pods.xcconfig</string>
			<key>sourceTree</key>
			<string>&lt;group&gt;</string>
		</dict>
		<key>B8107B89CBE84FE79963290F</key>
		<dict>
			<key>buildActionMask</key>
			<string>2147483647</string>
			<key>files</key>
			<array/>
			<key>inputPaths</key>
			<array/>
			<key>isa</key>
			<string>PBXShellScriptBuildPhase</string>
			<key>name</key>
			<string>Copy Pods Resources</string>
			<key>outputPaths</key>
			<array/>
			<key>runOnlyForDeploymentPostprocessing</key>
			<string>0</string>
			<key>shellPath</key>
			<string>/bin/sh</string>
			<key>shellScript</key>
			<string>"${SRCROOT}/Pods/Pods-resources.sh"
</string>
			<key>showEnvVarsInLog</key>
			<string>0</string>
		</dict>
		<key>CB975DC818C70E5C0017FA11</key>
		<dict>
			<key>children</key>
			<array>
				<string>CB975DDC18C70E5C0017FA11</string>
				<string>CB975DF918C70E5D0017FA11</string>
				<string>CB975DD318C70E5C0017FA11</string>
				<string>CB975DD218C70E5C0017FA11</string>
				<string>954C662E633E4BE7A2038CF8</string>
			</array>
			<key>isa</key>
			<string>PBXGroup</string>
			<key>sourceTree</key>
			<string>&lt;group&gt;</string>
		</dict>
		<key>CB975DC918C70E5C0017FA11</key>
		<dict>
			<key>attributes</key>
			<dict>
				<key>LastUpgradeCheck</key>
				<string>0500</string>
				<key>ORGANIZATIONNAME</key>
				<string>Dinesh Garg</string>
				<key>TargetAttributes</key>
				<dict>
					<key>CB975DF018C70E5D0017FA11</key>
					<dict>
						<key>TestTargetID</key>
						<string>CB975DD018C70E5C0017FA11</string>
					</dict>
				</dict>
			</dict>
			<key>buildConfigurationList</key>
			<string>CB975DCC18C70E5C0017FA11</string>
			<key>compatibilityVersion</key>
			<string>Xcode 3.2</string>
			<key>developmentRegion</key>
			<string>English</string>
			<key>hasScannedForEncodings</key>
			<string>0</string>
			<key>isa</key>
			<string>PBXProject</string>
			<key>knownRegions</key>
			<array>
				<string>en</string>
			</array>
			<key>mainGroup</key>
			<string>CB975DC818C70E5C0017FA11</string>
			<key>productRefGroup</key>
			<string>CB975DD218C70E5C0017FA11</string>
			<key>projectDirPath</key>
			<string></string>
			<key>projectReferences</key>
			<array/>
			<key>projectRoot</key>
			<string></string>
			<key>targets</key>
			<array>
				<string>CB975DD018C70E5C0017FA11</string>
				<string>CB975DF018C70E5D0017FA11</string>
			</array>
		</dict>
		<key>CB975DCC18C70E5C0017FA11</key>
		<dict>
			<key>buildConfigurations</key>
			<array>
				<string>CB975E0118C70E5D0017FA11</string>
				<string>CB975E0218C70E5D0017FA11</string>
			</array>
			<key>defaultConfigurationIsVisible</key>
			<string>0</string>
			<key>defaultConfigurationName</key>
			<string>Release</string>
			<key>isa</key>
			<string>XCConfigurationList</string>
		</dict>
		<key>CB975DCD18C70E5C0017FA11</key>
		<dict>
			<key>buildActionMask</key>
			<string>2147483647</string>
			<key>files</key>
			<array>
				<string>CB975DE718C70E5C0017FA11</string>
				<string>CB975DE318C70E5C0017FA11</string>
				<string>CB975DEA18C70E5C0017FA11</string>
			</array>
			<key>isa</key>
			<string>PBXSourcesBuildPhase</string>
			<key>runOnlyForDeploymentPostprocessing</key>
			<string>0</string>
		</dict>
		<key>CB975DCE18C70E5C0017FA11</key>
		<dict>
			<key>buildActionMask</key>
			<string>2147483647</string>
			<key>files</key>
			<array>
				<string>CB975DD718C70E5C0017FA11</string>
				<string>CB975DDB18C70E5C0017FA11</string>
				<string>CB975DD918C70E5C0017FA11</string>
				<string>CB975DD518C70E5C0017FA11</string>
				<string>951A73B5599E4D68AC565233</string>
			</array>
			<key>isa</key>
			<string>PBXFrameworksBuildPhase</string>
			<key>runOnlyForDeploymentPostprocessing</key>
			<string>0</string>
		</dict>
		<key>CB975DCF18C70E5C0017FA11</key>
		<dict>
			<key>buildActionMask</key>
			<string>2147483647</string>
			<key>files</key>
			<array>
				<string>CB975DE118C70E5C0017FA11</string>
				<string>CB975DEC18C70E5D0017FA11</string>
			</array>
			<key>isa</key>
			<string>PBXResourcesBuildPhase</string>
			<key>runOnlyForDeploymentPostprocessing</key>
			<string>0</string>
		</dict>
		<key>CB975DD018C70E5C0017FA11</key>
		<dict>
			<key>buildConfigurationList</key>
			<string>CB975E0318C70E5D0017FA11</string>
			<key>buildPhases</key>
			<array>
				<string>892DA4D496AB482FB0D2A639</string>
				<string>CB975DCD18C70E5C0017FA11</string>
				<string>CB975DCE18C70E5C0017FA11</string>
				<string>CB975DCF18C70E5C0017FA11</string>
				<string>B8107B89CBE84FE79963290F</string>
			</array>
			<key>buildRules</key>
			<array/>
			<key>dependencies</key>
			<array/>
			<key>isa</key>
			<string>PBXNativeTarget</string>
			<key>name</key>
			<string>ByThePublic</string>
			<key>productName</key>
			<string>ByThePublic</string>
			<key>productReference</key>
			<string>CB975DD118C70E5C0017FA11</string>
			<key>productType</key>
			<string>com.apple.product-type.application</string>
		</dict>
		<key>CB975DD118C70E5C0017FA11</key>
		<dict>
			<key>explicitFileType</key>
			<string>wrapper.application</string>
			<key>includeInIndex</key>
			<string>0</string>
			<key>isa</key>
			<string>PBXFileReference</string>
			<key>path</key>
			<string>ByThePublic.app</string>
			<key>sourceTree</key>
			<string>BUILT_PRODUCTS_DIR</string>
		</dict>
		<key>CB975DD218C70E5C0017FA11</key>
		<dict>
			<key>children</key>
			<array>
				<string>CB975DD118C70E5C0017FA11</string>
				<string>CB975DF118C70E5D0017FA11</string>
			</array>
			<key>isa</key>
			<string>PBXGroup</string>
			<key>name</key>
			<string>Products</string>
			<key>sourceTree</key>
			<string>&lt;group&gt;</string>
		</dict>
		<key>CB975DD318C70E5C0017FA11</key>
		<dict>
			<key>children</key>
			<array>
				<string>CB975DD418C70E5C0017FA11</string>
				<string>CB975DD618C70E5C0017FA11</string>
				<string>CB975DD818C70E5C0017FA11</string>
				<string>CB975DDA18C70E5C0017FA11</string>
				<string>CB975DF218C70E5D0017FA11</string>
				<string>D6CB895735F24F81BE246E7F</string>
			</array>
			<key>isa</key>
			<string>PBXGroup</string>
			<key>name</key>
			<string>Frameworks</string>
			<key>sourceTree</key>
			<string>&lt;group&gt;</string>
		</dict>
		<key>CB975DD418C70E5C0017FA11</key>
		<dict>
			<key>isa</key>
			<string>PBXFileReference</string>
			<key>lastKnownFileType</key>
			<string>wrapper.framework</string>
			<key>name</key>
			<string>Foundation.framework</string>
			<key>path</key>
			<string>System/Library/Frameworks/Foundation.framework</string>
			<key>sourceTree</key>
			<string>SDKROOT</string>
		</dict>
		<key>CB975DD518C70E5C0017FA11</key>
		<dict>
			<key>fileRef</key>
			<string>CB975DD418C70E5C0017FA11</string>
			<key>isa</key>
			<string>PBXBuildFile</string>
		</dict>
		<key>CB975DD618C70E5C0017FA11</key>
		<dict>
			<key>isa</key>
			<string>PBXFileReference</string>
			<key>lastKnownFileType</key>
			<string>wrapper.framework</string>
			<key>name</key>
			<string>CoreGraphics.framework</string>
			<key>path</key>
			<string>System/Library/Frameworks/CoreGraphics.framework</string>
			<key>sourceTree</key>
			<string>SDKROOT</string>
		</dict>
		<key>CB975DD718C70E5C0017FA11</key>
		<dict>
			<key>fileRef</key>
			<string>CB975DD618C70E5C0017FA11</string>
			<key>isa</key>
			<string>PBXBuildFile</string>
		</dict>
		<key>CB975DD818C70E5C0017FA11</key>
		<dict>
			<key>isa</key>
			<string>PBXFileReference</string>
			<key>lastKnownFileType</key>
			<string>wrapper.framework</string>
			<key>name</key>
			<string>UIKit.framework</string>
			<key>path</key>
			<string>System/Library/Frameworks/UIKit.framework</string>
			<key>sourceTree</key>
			<string>SDKROOT</string>
		</dict>
		<key>CB975DD918C70E5C0017FA11</key>
		<dict>
			<key>fileRef</key>
			<string>CB975DD818C70E5C0017FA11</string>
			<key>isa</key>
			<string>PBXBuildFile</string>
		</dict>
		<key>CB975DDA18C70E5C0017FA11</key>
		<dict>
			<key>isa</key>
			<string>PBXFileReference</string>
			<key>lastKnownFileType</key>
			<string>wrapper.framework</string>
			<key>name</key>
			<string>CoreData.framework</string>
			<key>path</key>
			<string>System/Library/Frameworks/CoreData.framework</string>
			<key>sourceTree</key>
			<string>SDKROOT</string>
		</dict>
		<key>CB975DDB18C70E5C0017FA11</key>
		<dict>
			<key>fileRef</key>
			<string>CB975DDA18C70E5C0017FA11</string>
			<key>isa</key>
			<string>PBXBuildFile</string>
		</dict>
		<key>CB975DDC18C70E5C0017FA11</key>
		<dict>
			<key>children</key>
			<array>
				<string>CB975E0918C70EC50017FA11</string>
				<string>CB975E0A18C70EC50017FA11</string>
				<string>CB975E0B18C70EC50017FA11</string>
				<string>CB975E0C18C70EC50017FA11</string>
				<string>CB975E0D18C70EC50017FA11</string>
				<string>CB975DE518C70E5C0017FA11</string>
				<string>CB975DE618C70E5C0017FA11</string>
				<string>CB975DEB18C70E5D0017FA11</string>
				<string>CB975DE818C70E5C0017FA11</string>
				<string>CB975DDD18C70E5C0017FA11</string>
			</array>
			<key>isa</key>
			<string>PBXGroup</string>
			<key>path</key>
			<string>ByThePublic</string>
			<key>sourceTree</key>
			<string>&lt;group&gt;</string>
		</dict>
		<key>CB975DDD18C70E5C0017FA11</key>
		<dict>
			<key>children</key>
			<array>
				<string>CB975DDE18C70E5C0017FA11</string>
				<string>CB975DDF18C70E5C0017FA11</string>
				<string>CB975DE218C70E5C0017FA11</string>
				<string>CB975DE418C70E5C0017FA11</string>
			</array>
			<key>isa</key>
			<string>PBXGroup</string>
			<key>name</key>
			<string>Supporting Files</string>
			<key>sourceTree</key>
			<string>&lt;group&gt;</string>
		</dict>
		<key>CB975DDE18C70E5C0017FA11</key>
		<dict>
			<key>isa</key>
			<string>PBXFileReference</string>
			<key>lastKnownFileType</key>
			<string>text.plist.xml</string>
			<key>path</key>
			<string>ByThePublic-Info.plist</string>
			<key>sourceTree</key>
			<string>&lt;group&gt;</string>
		</dict>
		<key>CB975DDF18C70E5C0017FA11</key>
		<dict>
			<key>children</key>
			<array>
				<string>CB975DE018C70E5C0017FA11</string>
			</array>
			<key>isa</key>
			<string>PBXVariantGroup</string>
			<key>name</key>
			<string>InfoPlist.strings</string>
			<key>sourceTree</key>
			<string>&lt;group&gt;</string>
		</dict>
		<key>CB975DE018C70E5C0017FA11</key>
		<dict>
			<key>isa</key>
			<string>PBXFileReference</string>
			<key>lastKnownFileType</key>
			<string>text.plist.strings</string>
			<key>name</key>
			<string>en</string>
			<key>path</key>
			<string>en.lproj/InfoPlist.strings</string>
			<key>sourceTree</key>
			<string>&lt;group&gt;</string>
		</dict>
		<key>CB975DE118C70E5C0017FA11</key>
		<dict>
			<key>fileRef</key>
			<string>CB975DDF18C70E5C0017FA11</string>
			<key>isa</key>
			<string>PBXBuildFile</string>
		</dict>
		<key>CB975DE218C70E5C0017FA11</key>
		<dict>
			<key>isa</key>
			<string>PBXFileReference</string>
			<key>lastKnownFileType</key>
			<string>sourcecode.c.objc</string>
			<key>path</key>
			<string>main.m</string>
			<key>sourceTree</key>
			<string>&lt;group&gt;</string>
		</dict>
		<key>CB975DE318C70E5C0017FA11</key>
		<dict>
			<key>fileRef</key>
			<string>CB975DE218C70E5C0017FA11</string>
			<key>isa</key>
			<string>PBXBuildFile</string>
		</dict>
		<key>CB975DE418C70E5C0017FA11</key>
		<dict>
			<key>isa</key>
			<string>PBXFileReference</string>
			<key>lastKnownFileType</key>
			<string>sourcecode.c.h</string>
			<key>path</key>
			<string>ByThePublic-Prefix.pch</string>
			<key>sourceTree</key>
			<string>&lt;group&gt;</string>
		</dict>
		<key>CB975DE518C70E5C0017FA11</key>
		<dict>
			<key>isa</key>
			<string>PBXFileReference</string>
			<key>lastKnownFileType</key>
			<string>sourcecode.c.h</string>
			<key>path</key>
			<string>AppDelegate.h</string>
			<key>sourceTree</key>
			<string>&lt;group&gt;</string>
		</dict>
		<key>CB975DE618C70E5C0017FA11</key>
		<dict>
			<key>isa</key>
			<string>PBXFileReference</string>
			<key>lastKnownFileType</key>
			<string>sourcecode.c.objc</string>
			<key>path</key>
			<string>AppDelegate.m</string>
			<key>sourceTree</key>
			<string>&lt;group&gt;</string>
		</dict>
		<key>CB975DE718C70E5C0017FA11</key>
		<dict>
			<key>fileRef</key>
			<string>CB975DE618C70E5C0017FA11</string>
			<key>isa</key>
			<string>PBXBuildFile</string>
		</dict>
		<key>CB975DE818C70E5C0017FA11</key>
		<dict>
			<key>children</key>
			<array>
				<string>CB975DE918C70E5C0017FA11</string>
			</array>
			<key>currentVersion</key>
			<string>CB975DE918C70E5C0017FA11</string>
			<key>isa</key>
			<string>XCVersionGroup</string>
			<key>path</key>
			<string>ByThePublic.xcdatamodeld</string>
			<key>sourceTree</key>
			<string>&lt;group&gt;</string>
			<key>versionGroupType</key>
			<string>wrapper.xcdatamodel</string>
		</dict>
		<key>CB975DE918C70E5C0017FA11</key>
		<dict>
			<key>isa</key>
			<string>PBXFileReference</string>
			<key>lastKnownFileType</key>
			<string>wrapper.xcdatamodel</string>
			<key>path</key>
			<string>ByThePublic.xcdatamodel</string>
			<key>sourceTree</key>
			<string>&lt;group&gt;</string>
		</dict>
		<key>CB975DEA18C70E5C0017FA11</key>
		<dict>
			<key>fileRef</key>
			<string>CB975DE818C70E5C0017FA11</string>
			<key>isa</key>
			<string>PBXBuildFile</string>
		</dict>
		<key>CB975DEB18C70E5D0017FA11</key>
		<dict>
			<key>isa</key>
			<string>PBXFileReference</string>
			<key>lastKnownFileType</key>
			<string>folder.assetcatalog</string>
			<key>path</key>
			<string>Images.xcassets</string>
			<key>sourceTree</key>
			<string>&lt;group&gt;</string>
		</dict>
		<key>CB975DEC18C70E5D0017FA11</key>
		<dict>
			<key>fileRef</key>
			<string>CB975DEB18C70E5D0017FA11</string>
			<key>isa</key>
			<string>PBXBuildFile</string>
		</dict>
		<key>CB975DED18C70E5D0017FA11</key>
		<dict>
			<key>buildActionMask</key>
			<string>2147483647</string>
			<key>files</key>
			<array>
				<string>CB975E0018C70E5D0017FA11</string>
			</array>
			<key>isa</key>
			<string>PBXSourcesBuildPhase</string>
			<key>runOnlyForDeploymentPostprocessing</key>
			<string>0</string>
		</dict>
		<key>CB975DEE18C70E5D0017FA11</key>
		<dict>
			<key>buildActionMask</key>
			<string>2147483647</string>
			<key>files</key>
			<array>
				<string>CB975DF318C70E5D0017FA11</string>
				<string>CB975DF618C70E5D0017FA11</string>
				<string>CB975DF518C70E5D0017FA11</string>
				<string>CB975DF418C70E5D0017FA11</string>
			</array>
			<key>isa</key>
			<string>PBXFrameworksBuildPhase</string>
			<key>runOnlyForDeploymentPostprocessing</key>
			<string>0</string>
		</dict>
		<key>CB975DEF18C70E5D0017FA11</key>
		<dict>
			<key>buildActionMask</key>
			<string>2147483647</string>
			<key>files</key>
			<array>
				<string>CB975DFE18C70E5D0017FA11</string>
			</array>
			<key>isa</key>
			<string>PBXResourcesBuildPhase</string>
			<key>runOnlyForDeploymentPostprocessing</key>
			<string>0</string>
		</dict>
		<key>CB975DF018C70E5D0017FA11</key>
		<dict>
			<key>buildConfigurationList</key>
			<string>CB975E0618C70E5D0017FA11</string>
			<key>buildPhases</key>
			<array>
				<string>CB975DED18C70E5D0017FA11</string>
				<string>CB975DEE18C70E5D0017FA11</string>
				<string>CB975DEF18C70E5D0017FA11</string>
			</array>
			<key>buildRules</key>
			<array/>
			<key>dependencies</key>
			<array>
				<string>CB975DF818C70E5D0017FA11</string>
			</array>
			<key>isa</key>
			<string>PBXNativeTarget</string>
			<key>name</key>
			<string>ByThePublicTests</string>
			<key>productName</key>
			<string>ByThePublicTests</string>
			<key>productReference</key>
			<string>CB975DF118C70E5D0017FA11</string>
			<key>productType</key>
			<string>com.apple.product-type.bundle.unit-test</string>
		</dict>
		<key>CB975DF118C70E5D0017FA11</key>
		<dict>
			<key>explicitFileType</key>
			<string>wrapper.cfbundle</string>
			<key>includeInIndex</key>
			<string>0</string>
			<key>isa</key>
			<string>PBXFileReference</string>
			<key>path</key>
			<string>ByThePublicTests.xctest</string>
			<key>sourceTree</key>
			<string>BUILT_PRODUCTS_DIR</string>
		</dict>
		<key>CB975DF218C70E5D0017FA11</key>
		<dict>
			<key>isa</key>
			<string>PBXFileReference</string>
			<key>lastKnownFileType</key>
			<string>wrapper.framework</string>
			<key>name</key>
			<string>XCTest.framework</string>
			<key>path</key>
			<string>Library/Frameworks/XCTest.framework</string>
			<key>sourceTree</key>
			<string>DEVELOPER_DIR</string>
		</dict>
		<key>CB975DF318C70E5D0017FA11</key>
		<dict>
			<key>fileRef</key>
			<string>CB975DF218C70E5D0017FA11</string>
			<key>isa</key>
			<string>PBXBuildFile</string>
		</dict>
		<key>CB975DF418C70E5D0017FA11</key>
		<dict>
			<key>fileRef</key>
			<string>CB975DD418C70E5C0017FA11</string>
			<key>isa</key>
			<string>PBXBuildFile</string>
		</dict>
		<key>CB975DF518C70E5D0017FA11</key>
		<dict>
			<key>fileRef</key>
			<string>CB975DD818C70E5C0017FA11</string>
			<key>isa</key>
			<string>PBXBuildFile</string>
		</dict>
		<key>CB975DF618C70E5D0017FA11</key>
		<dict>
			<key>fileRef</key>
			<string>CB975DDA18C70E5C0017FA11</string>
			<key>isa</key>
			<string>PBXBuildFile</string>
		</dict>
		<key>CB975DF718C70E5D0017FA11</key>
		<dict>
			<key>containerPortal</key>
			<string>CB975DC918C70E5C0017FA11</string>
			<key>isa</key>
			<string>PBXContainerItemProxy</string>
			<key>proxyType</key>
			<string>1</string>
			<key>remoteGlobalIDString</key>
			<string>CB975DD018C70E5C0017FA11</string>
			<key>remoteInfo</key>
			<string>ByThePublic</string>
		</dict>
		<key>CB975DF818C70E5D0017FA11</key>
		<dict>
			<key>isa</key>
			<string>PBXTargetDependency</string>
			<key>target</key>
			<string>CB975DD018C70E5C0017FA11</string>
			<key>targetProxy</key>
			<string>CB975DF718C70E5D0017FA11</string>
		</dict>
		<key>CB975DF918C70E5D0017FA11</key>
		<dict>
			<key>children</key>
			<array>
				<string>CB975DFF18C70E5D0017FA11</string>
				<string>CB975DFA18C70E5D0017FA11</string>
			</array>
			<key>isa</key>
			<string>PBXGroup</string>
			<key>path</key>
			<string>ByThePublicTests</string>
			<key>sourceTree</key>
			<string>&lt;group&gt;</string>
		</dict>
		<key>CB975DFA18C70E5D0017FA11</key>
		<dict>
			<key>children</key>
			<array>
				<string>CB975DFB18C70E5D0017FA11</string>
				<string>CB975DFC18C70E5D0017FA11</string>
			</array>
			<key>isa</key>
			<string>PBXGroup</string>
			<key>name</key>
			<string>Supporting Files</string>
			<key>sourceTree</key>
			<string>&lt;group&gt;</string>
		</dict>
		<key>CB975DFB18C70E5D0017FA11</key>
		<dict>
			<key>isa</key>
			<string>PBXFileReference</string>
			<key>lastKnownFileType</key>
			<string>text.plist.xml</string>
			<key>path</key>
			<string>ByThePublicTests-Info.plist</string>
			<key>sourceTree</key>
			<string>&lt;group&gt;</string>
		</dict>
		<key>CB975DFC18C70E5D0017FA11</key>
		<dict>
			<key>children</key>
			<array>
				<string>CB975DFD18C70E5D0017FA11</string>
			</array>
			<key>isa</key>
			<string>PBXVariantGroup</string>
			<key>name</key>
			<string>InfoPlist.strings</string>
			<key>sourceTree</key>
			<string>&lt;group&gt;</string>
		</dict>
		<key>CB975DFD18C70E5D0017FA11</key>
		<dict>
			<key>isa</key>
			<string>PBXFileReference</string>
			<key>lastKnownFileType</key>
			<string>text.plist.strings</string>
			<key>name</key>
			<string>en</string>
			<key>path</key>
			<string>en.lproj/InfoPlist.strings</string>
			<key>sourceTree</key>
			<string>&lt;group&gt;</string>
		</dict>
		<key>CB975DFE18C70E5D0017FA11</key>
		<dict>
			<key>fileRef</key>
			<string>CB975DFC18C70E5D0017FA11</string>
			<key>isa</key>
			<string>PBXBuildFile</string>
		</dict>
		<key>CB975DFF18C70E5D0017FA11</key>
		<dict>
			<key>isa</key>
			<string>PBXFileReference</string>
			<key>lastKnownFileType</key>
			<string>sourcecode.c.objc</string>
			<key>path</key>
			<string>ByThePublicTests.m</string>
			<key>sourceTree</key>
			<string>&lt;group&gt;</string>
		</dict>
		<key>CB975E0018C70E5D0017FA11</key>
		<dict>
			<key>fileRef</key>
			<string>CB975DFF18C70E5D0017FA11</string>
			<key>isa</key>
			<string>PBXBuildFile</string>
		</dict>
		<key>CB975E0118C70E5D0017FA11</key>
		<dict>
			<key>buildSettings</key>
			<dict>
				<key>ALWAYS_SEARCH_USER_PATHS</key>
				<string>NO</string>
				<key>ARCHS</key>
				<string>$(ARCHS_STANDARD_INCLUDING_64_BIT)</string>
				<key>CLANG_CXX_LANGUAGE_STANDARD</key>
				<string>gnu++0x</string>
				<key>CLANG_CXX_LIBRARY</key>
				<string>libc++</string>
				<key>CLANG_ENABLE_MODULES</key>
				<string>YES</string>
				<key>CLANG_ENABLE_OBJC_ARC</key>
				<string>YES</string>
				<key>CLANG_WARN_BOOL_CONVERSION</key>
				<string>YES</string>
				<key>CLANG_WARN_CONSTANT_CONVERSION</key>
				<string>YES</string>
				<key>CLANG_WARN_DIRECT_OBJC_ISA_USAGE</key>
				<string>YES_ERROR</string>
				<key>CLANG_WARN_EMPTY_BODY</key>
				<string>YES</string>
				<key>CLANG_WARN_ENUM_CONVERSION</key>
				<string>YES</string>
				<key>CLANG_WARN_INT_CONVERSION</key>
				<string>YES</string>
				<key>CLANG_WARN_OBJC_ROOT_CLASS</key>
				<string>YES_ERROR</string>
				<key>CLANG_WARN__DUPLICATE_METHOD_MATCH</key>
				<string>YES</string>
				<key>CODE_SIGN_IDENTITY[sdk=iphoneos*]</key>
				<string>iPhone Developer</string>
				<key>COPY_PHASE_STRIP</key>
				<string>NO</string>
				<key>GCC_C_LANGUAGE_STANDARD</key>
				<string>gnu99</string>
				<key>GCC_DYNAMIC_NO_PIC</key>
				<string>NO</string>
				<key>GCC_OPTIMIZATION_LEVEL</key>
				<string>0</string>
				<key>GCC_PREPROCESSOR_DEFINITIONS</key>
				<array>
					<string>DEBUG=1</string>
					<string>$(inherited)</string>
				</array>
				<key>GCC_SYMBOLS_PRIVATE_EXTERN</key>
				<string>NO</string>
				<key>GCC_WARN_64_TO_32_BIT_CONVERSION</key>
				<string>YES</string>
				<key>GCC_WARN_ABOUT_RETURN_TYPE</key>
				<string>YES_ERROR</string>
				<key>GCC_WARN_UNDECLARED_SELECTOR</key>
				<string>YES</string>
				<key>GCC_WARN_UNINITIALIZED_AUTOS</key>
				<string>YES</string>
				<key>GCC_WARN_UNUSED_FUNCTION</key>
				<string>YES</string>
				<key>GCC_WARN_UNUSED_VARIABLE</key>
				<string>YES</string>
				<key>IPHONEOS_DEPLOYMENT_TARGET</key>
				<string>7.0</string>
				<key>ONLY_ACTIVE_ARCH</key>
				<string>YES</string>
				<key>SDKROOT</key>
				<string>iphoneos</string>
				<key>TARGETED_DEVICE_FAMILY</key>
				<string>1,2</string>
			</dict>
			<key>isa</key>
			<string>XCBuildConfiguration</string>
			<key>name</key>
			<string>Debug</string>
		</dict>
		<key>CB975E0218C70E5D0017FA11</key>
		<dict>
			<key>buildSettings</key>
			<dict>
				<key>ALWAYS_SEARCH_USER_PATHS</key>
				<string>NO</string>
				<key>ARCHS</key>
				<string>$(ARCHS_STANDARD_INCLUDING_64_BIT)</string>
				<key>CLANG_CXX_LANGUAGE_STANDARD</key>
				<string>gnu++0x</string>
				<key>CLANG_CXX_LIBRARY</key>
				<string>libc++</string>
				<key>CLANG_ENABLE_MODULES</key>
				<string>YES</string>
				<key>CLANG_ENABLE_OBJC_ARC</key>
				<string>YES</string>
				<key>CLANG_WARN_BOOL_CONVERSION</key>
				<string>YES</string>
				<key>CLANG_WARN_CONSTANT_CONVERSION</key>
				<string>YES</string>
				<key>CLANG_WARN_DIRECT_OBJC_ISA_USAGE</key>
				<string>YES_ERROR</string>
				<key>CLANG_WARN_EMPTY_BODY</key>
				<string>YES</string>
				<key>CLANG_WARN_ENUM_CONVERSION</key>
				<string>YES</string>
				<key>CLANG_WARN_INT_CONVERSION</key>
				<string>YES</string>
				<key>CLANG_WARN_OBJC_ROOT_CLASS</key>
				<string>YES_ERROR</string>
				<key>CLANG_WARN__DUPLICATE_METHOD_MATCH</key>
				<string>YES</string>
				<key>CODE_SIGN_IDENTITY[sdk=iphoneos*]</key>
				<string>iPhone Developer</string>
				<key>COPY_PHASE_STRIP</key>
				<string>YES</string>
				<key>ENABLE_NS_ASSERTIONS</key>
				<string>NO</string>
				<key>GCC_C_LANGUAGE_STANDARD</key>
				<string>gnu99</string>
				<key>GCC_WARN_64_TO_32_BIT_CONVERSION</key>
				<string>YES</string>
				<key>GCC_WARN_ABOUT_RETURN_TYPE</key>
				<string>YES_ERROR</string>
				<key>GCC_WARN_UNDECLARED_SELECTOR</key>
				<string>YES</string>
				<key>GCC_WARN_UNINITIALIZED_AUTOS</key>
				<string>YES</string>
				<key>GCC_WARN_UNUSED_FUNCTION</key>
				<string>YES</string>
				<key>GCC_WARN_UNUSED_VARIABLE</key>
				<string>YES</string>
				<key>IPHONEOS_DEPLOYMENT_TARGET</key>
				<string>7.0</string>
				<key>SDKROOT</key>
				<string>iphoneos</string>
				<key>TARGETED_DEVICE_FAMILY</key>
				<string>1,2</string>
				<key>VALIDATE_PRODUCT</key>
				<string>YES</string>
			</dict>
			<key>isa</key>
			<string>XCBuildConfiguration</string>
			<key>name</key>
			<string>Release</string>
		</dict>
		<key>CB975E0318C70E5D0017FA11</key>
		<dict>
			<key>buildConfigurations</key>
			<array>
				<string>CB975E0418C70E5D0017FA11</string>
				<string>CB975E0518C70E5D0017FA11</string>
			</array>
			<key>defaultConfigurationIsVisible</key>
			<string>0</string>
			<key>isa</key>
			<string>XCConfigurationList</string>
		</dict>
		<key>CB975E0418C70E5D0017FA11</key>
		<dict>
			<key>baseConfigurationReference</key>
			<string>954C662E633E4BE7A2038CF8</string>
			<key>buildSettings</key>
			<dict>
				<key>ASSETCATALOG_COMPILER_APPICON_NAME</key>
				<string>AppIcon</string>
				<key>ASSETCATALOG_COMPILER_LAUNCHIMAGE_NAME</key>
				<string>LaunchImage</string>
				<key>GCC_PRECOMPILE_PREFIX_HEADER</key>
				<string>YES</string>
				<key>GCC_PREFIX_HEADER</key>
				<string>ByThePublic/ByThePublic-Prefix.pch</string>
				<key>INFOPLIST_FILE</key>
				<string>ByThePublic/ByThePublic-Info.plist</string>
				<key>PRODUCT_NAME</key>
				<string>$(TARGET_NAME)</string>
				<key>WRAPPER_EXTENSION</key>
				<string>app</string>
			</dict>
			<key>isa</key>
			<string>XCBuildConfiguration</string>
			<key>name</key>
			<string>Debug</string>
		</dict>
		<key>CB975E0518C70E5D0017FA11</key>
		<dict>
			<key>baseConfigurationReference</key>
			<string>954C662E633E4BE7A2038CF8</string>
			<key>buildSettings</key>
			<dict>
				<key>ASSETCATALOG_COMPILER_APPICON_NAME</key>
				<string>AppIcon</string>
				<key>ASSETCATALOG_COMPILER_LAUNCHIMAGE_NAME</key>
				<string>LaunchImage</string>
				<key>GCC_PRECOMPILE_PREFIX_HEADER</key>
				<string>YES</string>
				<key>GCC_PREFIX_HEADER</key>
				<string>ByThePublic/ByThePublic-Prefix.pch</string>
				<key>INFOPLIST_FILE</key>
				<string>ByThePublic/ByThePublic-Info.plist</string>
				<key>PRODUCT_NAME</key>
				<string>$(TARGET_NAME)</string>
				<key>WRAPPER_EXTENSION</key>
				<string>app</string>
			</dict>
			<key>isa</key>
			<string>XCBuildConfiguration</string>
			<key>name</key>
			<string>Release</string>
		</dict>
		<key>CB975E0618C70E5D0017FA11</key>
		<dict>
			<key>buildConfigurations</key>
			<array>
				<string>CB975E0718C70E5D0017FA11</string>
				<string>CB975E0818C70E5D0017FA11</string>
			</array>
			<key>defaultConfigurationIsVisible</key>
			<string>0</string>
			<key>isa</key>
			<string>XCConfigurationList</string>
		</dict>
		<key>CB975E0718C70E5D0017FA11</key>
		<dict>
			<key>buildSettings</key>
			<dict>
				<key>ARCHS</key>
				<string>$(ARCHS_STANDARD_INCLUDING_64_BIT)</string>
				<key>BUNDLE_LOADER</key>
				<string>$(BUILT_PRODUCTS_DIR)/ByThePublic.app/ByThePublic</string>
				<key>FRAMEWORK_SEARCH_PATHS</key>
				<array>
					<string>$(SDKROOT)/Developer/Library/Frameworks</string>
					<string>$(inherited)</string>
					<string>$(DEVELOPER_FRAMEWORKS_DIR)</string>
				</array>
				<key>GCC_PRECOMPILE_PREFIX_HEADER</key>
				<string>YES</string>
				<key>GCC_PREFIX_HEADER</key>
				<string>ByThePublic/ByThePublic-Prefix.pch</string>
				<key>GCC_PREPROCESSOR_DEFINITIONS</key>
				<array>
					<string>DEBUG=1</string>
					<string>$(inherited)</string>
				</array>
				<key>INFOPLIST_FILE</key>
				<string>ByThePublicTests/ByThePublicTests-Info.plist</string>
				<key>PRODUCT_NAME</key>
				<string>$(TARGET_NAME)</string>
				<key>TEST_HOST</key>
				<string>$(BUNDLE_LOADER)</string>
				<key>WRAPPER_EXTENSION</key>
				<string>xctest</string>
			</dict>
			<key>isa</key>
			<string>XCBuildConfiguration</string>
			<key>name</key>
			<string>Debug</string>
		</dict>
		<key>CB975E0818C70E5D0017FA11</key>
		<dict>
			<key>buildSettings</key>
			<dict>
				<key>ARCHS</key>
				<string>$(ARCHS_STANDARD_INCLUDING_64_BIT)</string>
				<key>BUNDLE_LOADER</key>
				<string>$(BUILT_PRODUCTS_DIR)/ByThePublic.app/ByThePublic</string>
				<key>FRAMEWORK_SEARCH_PATHS</key>
				<array>
					<string>$(SDKROOT)/Developer/Library/Frameworks</string>
					<string>$(inherited)</string>
					<string>$(DEVELOPER_FRAMEWORKS_DIR)</string>
				</array>
				<key>GCC_PRECOMPILE_PREFIX_HEADER</key>
				<string>YES</string>
				<key>GCC_PREFIX_HEADER</key>
				<string>ByThePublic/ByThePublic-Prefix.pch</string>
				<key>INFOPLIST_FILE</key>
				<string>ByThePublicTests/ByThePublicTests-Info.plist</string>
				<key>PRODUCT_NAME</key>
				<string>$(TARGET_NAME)</string>
				<key>TEST_HOST</key>
				<string>$(BUNDLE_LOADER)</string>
				<key>WRAPPER_EXTENSION</key>
				<string>xctest</string>
			</dict>
			<key>isa</key>
			<string>XCBuildConfiguration</string>
			<key>name</key>
			<string>Release</string>
		</dict>
		<key>CB975E0918C70EC50017FA11</key>
		<dict>
			<key>children</key>
			<array/>
			<key>isa</key>
			<string>PBXGroup</string>
			<key>path</key>
			<string>Capture</string>
			<key>sourceTree</key>
			<string>&lt;group&gt;</string>
		</dict>
		<key>CB975E0A18C70EC50017FA11</key>
		<dict>
			<key>children</key>
			<array/>
			<key>isa</key>
			<string>PBXGroup</string>
			<key>path</key>
			<string>CommonElements</string>
			<key>sourceTree</key>
			<string>&lt;group&gt;</string>
		</dict>
		<key>CB975E0B18C70EC50017FA11</key>
		<dict>
			<key>children</key>
			<array/>
			<key>isa</key>
			<string>PBXGroup</string>
			<key>path</key>
			<string>Constants</string>
			<key>sourceTree</key>
			<string>&lt;group&gt;</string>
		</dict>
		<key>CB975E0C18C70EC50017FA11</key>
		<dict>
			<key>children</key>
			<array/>
			<key>isa</key>
			<string>PBXGroup</string>
			<key>path</key>
			<string>Submit</string>
			<key>sourceTree</key>
			<string>&lt;group&gt;</string>
		</dict>
		<key>CB975E0D18C70EC50017FA11</key>
		<dict>
			<key>children</key>
			<array/>
			<key>isa</key>
			<string>PBXGroup</string>
			<key>path</key>
			<string>SuccessScreens</string>
			<key>sourceTree</key>
			<string>&lt;group&gt;</string>
		</dict>
		<key>D6CB895735F24F81BE246E7F</key>
		<dict>
			<key>explicitFileType</key>
			<string>archive.ar</string>
			<key>includeInIndex</key>
			<string>0</string>
			<key>isa</key>
			<string>PBXFileReference</string>
			<key>path</key>
			<string>libPods.a</string>
			<key>sourceTree</key>
			<string>BUILT_PRODUCTS_DIR</string>
		</dict>
	</dict>
	<key>rootObject</key>
	<string>CB975DC918C70E5C0017FA11</string>
</dict>
</plist>
